<?xml version="1.0" encoding="utf-8"?>
<Project ToolsVersion="4.0" xmlns="http://schemas.microsoft.com/developer/msbuild/2003">
  <ItemGroup>
    <Filter Include="Source Files">
      <UniqueIdentifier>{4FC737F1-C7A5-4376-A066-2A32D752A2FF}</UniqueIdentifier>
      <Extensions>cpp;c;cc;cxx;def;odl;idl;hpj;bat;asm;asmx</Extensions>
    </Filter>
    <Filter Include="Header Files">
      <UniqueIdentifier>{93995380-89BD-4b04-88EB-625FBE52EBFB}</UniqueIdentifier>
      <Extensions>h;hpp;hxx;hm;inl;inc;xsd</Extensions>
    </Filter>
    <Filter Include="Resource Files">
      <UniqueIdentifier>{67DA6AB6-F800-4c08-8B7A-83BB121AAD01}</UniqueIdentifier>
      <Extensions>rc;ico;cur;bmp;dlg;rc2;rct;bin;rgs;gif;jpg;jpeg;jpe;resx;tiff;tif;png;wav</Extensions>
    </Filter>
  </ItemGroup>
  <ItemGroup>
    <ClCompile Include="..\..\pix_opencv_bgstats.cc">
      <Filter>Source Files</Filter>
    </ClCompile>
    <ClCompile Include="..\..\pix_opencv_bgsubstract.cc">
      <Filter>Source Files</Filter>
    </ClCompile>
    <ClCompile Include="..\..\pix_opencv_blobtrack.cc">
      <Filter>Source Files</Filter>
    </ClCompile>
    <ClCompile Include="..\..\pix_opencv_camshift.cc">
      <Filter>Source Files</Filter>
    </ClCompile>
    <ClCompile Include="..\..\pix_opencv_colorfilt.cc">
      <Filter>Source Files</Filter>
    </ClCompile>
    <ClCompile Include="..\..\pix_opencv_contours_boundingrect.cc">
      <Filter>Source Files</Filter>
    </ClCompile>
    <ClCompile Include="..\..\pix_opencv_contours_convexhull.cc">
      <Filter>Source Files</Filter>
    </ClCompile>
    <ClCompile Include="..\..\pix_opencv_contours_convexity.cc">
      <Filter>Source Files</Filter>
    </ClCompile>
    <ClCompile Include="..\..\pix_opencv_dft.cc">
      <Filter>Source Files</Filter>
    </ClCompile>
    <ClCompile Include="..\..\pix_opencv_distrans.cc">
      <Filter>Source Files</Filter>
    </ClCompile>
    <ClCompile Include="..\..\pix_opencv_edge.cc">
      <Filter>Source Files</Filter>
    </ClCompile>
    <ClCompile Include="..\..\pix_opencv_findchessboardcorners.cc">
      <Filter>Source Files</Filter>
    </ClCompile>
    <ClCompile Include="..\..\pix_opencv_floodfill.cc">
      <Filter>Source Files</Filter>
    </ClCompile>
    <ClCompile Include="..\..\pix_opencv_haarcascade.cc">
      <Filter>Source Files</Filter>
    </ClCompile>
    <ClCompile Include="..\..\pix_opencv_hist_compare.cc">
      <Filter>Source Files</Filter>
    </ClCompile>
    <ClCompile Include="..\..\pix_opencv_hough_circles.cc">
      <Filter>Source Files</Filter>
    </ClCompile>
    <ClCompile Include="..\..\pix_opencv_hough_lines.cc">
      <Filter>Source Files</Filter>
    </ClCompile>
    <ClCompile Include="..\..\pix_opencv_hu_compare.cc">
      <Filter>Source Files</Filter>
    </ClCompile>
    <ClCompile Include="..\..\pix_opencv_hu_moments.cc">
      <Filter>Source Files</Filter>
    </ClCompile>
    <ClCompile Include="..\..\pix_opencv_knear.cc">
      <Filter>Source Files</Filter>
    </ClCompile>
    <ClCompile Include="..\..\pix_opencv_laplace.cc">
      <Filter>Source Files</Filter>
    </ClCompile>
    <ClCompile Include="..\..\pix_opencv_lk.cc">
      <Filter>Source Files</Filter>
    </ClCompile>
    <ClCompile Include="..\..\pix_opencv_matchshape.cc">
      <Filter>Source Files</Filter>
    </ClCompile>
    <ClCompile Include="..\..\pix_opencv_morphology.cc">
      <Filter>Source Files</Filter>
    </ClCompile>
    <ClCompile Include="..\..\pix_opencv_motempl.cc">
      <Filter>Source Files</Filter>
    </ClCompile>
    <ClCompile Include="..\..\pix_opencv_of_bm.cc">
      <Filter>Source Files</Filter>
    </ClCompile>
    <ClCompile Include="..\..\pix_opencv_of_hs.cc">
      <Filter>Source Files</Filter>
    </ClCompile>
    <ClCompile Include="..\..\pix_opencv_of_lk.cc">
      <Filter>Source Files</Filter>
    </ClCompile>
    <ClCompile Include="..\..\pix_opencv_pgh_compare.cc">
      <Filter>Source Files</Filter>
    </ClCompile>
    <ClCompile Include="..\..\pix_opencv_threshold.cc">
      <Filter>Source Files</Filter>
    </ClCompile>
  </ItemGroup>
  <ItemGroup>
    <ClInclude Include="..\..\blobtrack.h">
      <Filter>Header Files</Filter>
    </ClInclude>
    <ClInclude Include="..\..\pix_opencv_bgstats.h">
      <Filter>Header Files</Filter>
    </ClInclude>
    <ClInclude Include="..\..\pix_opencv_bgsubstract.h">
      <Filter>Header Files</Filter>
    </ClInclude>
    <ClInclude Include="..\..\pix_opencv_blobtrack.h">
      <Filter>Header Files</Filter>
    </ClInclude>
    <ClInclude Include="..\..\pix_opencv_camshift.h">
      <Filter>Header Files</Filter>
    </ClInclude>
    <ClInclude Include="..\..\pix_opencv_colorfilt.h">
      <Filter>Header Files</Filter>
    </ClInclude>
    <ClInclude Include="..\..\pix_opencv_contours_boundingrect.h">
      <Filter>Header Files</Filter>
    </ClInclude>
    <ClInclude Include="..\..\pix_opencv_contours_convexhull.h">
      <Filter>Header Files</Filter>
    </ClInclude>
    <ClInclude Include="..\..\pix_opencv_contours_convexity.h">
      <Filter>Header Files</Filter>
    </ClInclude>
    <ClInclude Include="..\..\pix_opencv_dft.h">
      <Filter>Header Files</Filter>
    </ClInclude>
    <ClInclude Include="..\..\pix_opencv_distrans.h">
      <Filter>Header Files</Filter>
    </ClInclude>
    <ClInclude Include="..\..\pix_opencv_edge.h">
      <Filter>Header Files</Filter>
    </ClInclude>
    <ClInclude Include="..\..\pix_opencv_findchessboardcorners.h">
      <Filter>Header Files</Filter>
    </ClInclude>
    <ClInclude Include="..\..\pix_opencv_floodfill.h">
      <Filter>Header Files</Filter>
    </ClInclude>
    <ClInclude Include="..\..\pix_opencv_haarcascade.h">
      <Filter>Header Files</Filter>
    </ClInclude>
    <ClInclude Include="..\..\pix_opencv_hist_compare.h">
      <Filter>Header Files</Filter>
    </ClInclude>
    <ClInclude Include="..\..\pix_opencv_hough_circles.h">
      <Filter>Header Files</Filter>
    </ClInclude>
    <ClInclude Include="..\..\pix_opencv_hough_lines.h">
      <Filter>Header Files</Filter>
    </ClInclude>
    <ClInclude Include="..\..\pix_opencv_hu_compare.h">
      <Filter>Header Files</Filter>
    </ClInclude>
    <ClInclude Include="..\..\pix_opencv_hu_moments.h">
      <Filter>Header Files</Filter>
    </ClInclude>
    <ClInclude Include="..\..\pix_opencv_knear.h">
      <Filter>Header Files</Filter>
    </ClInclude>
    <ClInclude Include="..\..\pix_opencv_laplace.h">
      <Filter>Header Files</Filter>
    </ClInclude>
    <ClInclude Include="..\..\pix_opencv_lk.h">
      <Filter>Header Files</Filter>
    </ClInclude>
    <ClInclude Include="..\..\pix_opencv_matchshape.h">
      <Filter>Header Files</Filter>
    </ClInclude>
    <ClInclude Include="..\..\pix_opencv_morphology.h">
      <Filter>Header Files</Filter>
    </ClInclude>
    <ClInclude Include="..\..\pix_opencv_motempl.h">
      <Filter>Header Files</Filter>
    </ClInclude>
    <ClInclude Include="..\..\pix_opencv_of_bm.h">
      <Filter>Header Files</Filter>
    </ClInclude>
    <ClInclude Include="..\..\pix_opencv_of_hs.h">
      <Filter>Header Files</Filter>
    </ClInclude>
    <ClInclude Include="..\..\pix_opencv_of_lk.h">
      <Filter>Header Files</Filter>
    </ClInclude>
    <ClInclude Include="..\..\pix_opencv_pgh_compare.h">
      <Filter>Header Files</Filter>
    </ClInclude>
    <ClInclude Include="..\..\pix_opencv_threshold.h">
      <Filter>Header Files</Filter>
    </ClInclude>
  </ItemGroup>
</Project>